
Microsoft Visual Studio Solution File, Format Version 12.00
# Visual Studio Version 17
VisualStudioVersion = 17.0.31606.5
MinimumVisualStudioVersion = 10.0.40219.1
Project("{FAE04EC0-301F-11D3-BF4B-00C04F79EFBC}") = "ClientTest", "ClientTest.csproj", "{EC9105FB-3963-45C0-8683-ECB29E6D6B73}"
EndProject
Global
	GlobalSection(SolutionConfigurationPlatforms) = preSolution
		Debug|Any CPU = Debug|Any CPU
		Release|Any CPU = Release|Any CPU
	EndGlobalSection
	GlobalSection(ProjectConfigurationPlatforms) = postSolution
		{EC9105FB-3963-45C0-8683-ECB29E6D6B73}.Debug|Any CPU.ActiveCfg = Debug|Any CPU
		{EC9105FB-3963-45C0-8683-ECB29E6D6B73}.Debug|Any CPU.Build.0 = Debug|Any CPU
		{EC9105FB-3963-45C0-8683-ECB29E6D6B73}.Release|Any CPU.ActiveCfg = Release|Any CPU
		{EC9105FB-3963-45C0-8683-ECB29E6D6B73}.Release|Any CPU.Build.0 = Release|Any CPU
	EndGlobalSection
	GlobalSection(SolutionProperties) = preSolution
		HideSolutionNode = FALSE
	EndGlobalSection
	GlobalSection(ExtensibilityGlobals) = postSolution
		SolutionGuid = {8421A313-887A-4D70-8D09-1A34FAD2C8E5}
	EndGlobalSection
EndGlobal
